
Microsoft Visual Studio Solution File, Format Version 12.00
# Visual Studio Version 16
VisualStudioVersion = 16.0.31112.23
MinimumVisualStudioVersion = 10.0.40219.1
Project("{FAE04EC0-301F-11D3-BF4B-00C04F79EFBC}") = "CastReceiver", "CastReceiver\CastReceiver.csproj", "{7A104506-8947-423E-B6C1-9CA9AA384404}"
EndProject
Project("{FAE04EC0-301F-11D3-BF4B-00C04F79EFBC}") = "TCPStreamClient", "TCPStreamClient\TCPStreamClient.csproj", "{CF4BF6C5-3D17-4F21-B0BC-8A72017E3600}"
EndProject
Global
	GlobalSection(SolutionConfigurationPlatforms) = preSolution
		Debug|Any CPU = Debug|Any CPU
		Release|Any CPU = Release|Any CPU
	EndGlobalSection
	GlobalSection(ProjectConfigurationPlatforms) = postSolution
		{7A104506-8947-423E-B6C1-9CA9AA384404}.Debug|Any CPU.ActiveCfg = Debug|Any CPU
		{7A104506-8947-423E-B6C1-9CA9AA384404}.Debug|Any CPU.Build.0 = Debug|Any CPU
		{7A104506-8947-423E-B6C1-9CA9AA384404}.Release|Any CPU.ActiveCfg = Release|Any CPU
		{7A104506-8947-423E-B6C1-9CA9AA384404}.Release|Any CPU.Build.0 = Release|Any CPU
		{CF4BF6C5-3D17-4F21-B0BC-8A72017E3600}.Debug|Any CPU.ActiveCfg = Debug|Any CPU
		{CF4BF6C5-3D17-4F21-B0BC-8A72017E3600}.Debug|Any CPU.Build.0 = Debug|Any CPU
		{CF4BF6C5-3D17-4F21-B0BC-8A72017E3600}.Release|Any CPU.ActiveCfg = Release|Any CPU
		{CF4BF6C5-3D17-4F21-B0BC-8A72017E3600}.Release|Any CPU.Build.0 = Release|Any CPU
	EndGlobalSection
	GlobalSection(SolutionProperties) = preSolution
		HideSolutionNode = FALSE
	EndGlobalSection
	GlobalSection(ExtensibilityGlobals) = postSolution
		SolutionGuid = {015C8276-5D1F-4418-9057-39AB277CB756}
	EndGlobalSection
EndGlobal
